// !$*UTF8*$!
{
	archiveVersion = 1;
	classes = {
	};
	objectVersion = 46;
	objects = {

/* Begin PBXBuildFile section */
		BCE04F881B3A88D0006C017A /* Foundation.framework in Frameworks */ = {isa = PBXBuildFile; fileRef = BCE04F871B3A88D0006C017A /* Foundation.framework */; };
		BCE04F8A1B3A88D0006C017A /* CoreGraphics.framework in Frameworks */ = {isa = PBXBuildFile; fileRef = BCE04F891B3A88D0006C017A /* CoreGraphics.framework */; };
		BCE04F8C1B3A88D0006C017A /* UIKit.framework in Frameworks */ = {isa = PBXBuildFile; fileRef = BCE04F8B1B3A88D0006C017A /* UIKit.framework */; };
		BCE04F921B3A88D0006C017A /* InfoPlist.strings in Resources */ = {isa = PBXBuildFile; fileRef = BCE04F901B3A88D0006C017A /* InfoPlist.strings */; };
		BCE04F941B3A88D0006C017A /* main.m in Sources */ = {isa = PBXBuildFile; fileRef = BCE04F931B3A88D0006C017A /* main.m */; };
		BCE04F981B3A88D0006C017A /* KGAppDelegate.m in Sources */ = {isa = PBXBuildFile; fileRef = BCE04F971B3A88D0006C017A /* KGAppDelegate.m */; };
		BCE04F9A1B3A88D0006C017A /* Images.xcassets in Resources */ = {isa = PBXBuildFile; fileRef = BCE04F991B3A88D0006C017A /* Images.xcassets */; };
		BCE04FA11B3A88D0006C017A /* XCTest.framework in Frameworks */ = {isa = PBXBuildFile; fileRef = BCE04FA01B3A88D0006C017A /* XCTest.framework */; };
		BCE04FA21B3A88D0006C017A /* Foundation.framework in Frameworks */ = {isa = PBXBuildFile; fileRef = BCE04F871B3A88D0006C017A /* Foundation.framework */; };
		BCE04FA31B3A88D0006C017A /* UIKit.framework in Frameworks */ = {isa = PBXBuildFile; fileRef = BCE04F8B1B3A88D0006C017A /* UIKit.framework */; };
		BCE04FAB1B3A88D0006C017A /* InfoPlist.strings in Resources */ = {isa = PBXBuildFile; fileRef = BCE04FA91B3A88D0006C017A /* InfoPlist.strings */; };
		BCE04FAD1B3A88D0006C017A /* UITableViewCustomCellForXibDemoTests.m in Sources */ = {isa = PBXBuildFile; fileRef = BCE04FAC1B3A88D0006C017A /* UITableViewCustomCellForXibDemoTests.m */; };
/* End PBXBuildFile section */

/* Begin PBXContainerItemProxy section */
		BCE04FA41B3A88D0006C017A /* PBXContainerItemProxy */ = {
			isa = PBXContainerItemProxy;
			containerPortal = BCE04F7C1B3A88D0006C017A /* Project object */;
			proxyType = 1;
			remoteGlobalIDString = BCE04F831B3A88D0006C017A;
			remoteInfo = UITableViewCustomCellForXibDemo;
		};
/* End PBXContainerItemProxy section */

/* Begin PBXFileReference section */
		BCE04F841B3A88D0006C017A /* UITableViewCustomCellForXibDemo.app */ = {isa = PBXFileReference; explicitFileType = wrapper.application; includeInIndex = 0; path = UITableViewCustomCellForXibDemo.app; sourceTree = BUILT_PRODUCTS_DIR; };
		BCE04F871B3A88D0006C017A /* Foundation.framework */ = {isa = PBXFileReference; lastKnownFileType = wrapper.framework; name = Foundation.framework; path = System/Library/Frameworks/Foundation.framework; sourceTree = SDKROOT; };
		BCE04F891B3A88D0006C017A /* CoreGraphics.framework */ = {isa = PBXFileReference; lastKnownFileType = wrapper.framework; name = CoreGraphics.framework; path = System/Library/Frameworks/CoreGraphics.framework; sourceTree = SDKROOT; };
		BCE04F8B1B3A88D0006C017A /* UIKit.framework */ = {isa = PBXFileReference; lastKnownFileType = wrapper.framework; name = UIKit.framework; path = System/Library/Frameworks/UIKit.framework; sourceTree = SDKROOT; };
		BCE04F8F1B3A88D0006C017A /* UITableViewCustomCellForXibDemo-Info.plist */ = {isa = PBXFileReference; lastKnownFileType = text.plist.xml; path = "UITableViewCustomCellForXibDemo-Info.plist"; sourceTree = "<group>"; };
		BCE04F911B3A88D0006C017A /* en */ = {isa = PBXFileReference; lastKnownFileType = text.plist.strings; name = en; path = en.lproj/InfoPlist.strings; sourceTree = "<group>"; };
		BCE04F931B3A88D0006C017A /* main.m */ = {isa = PBXFileReference; lastKnownFileType = sourcecode.c.objc; path = main.m; sourceTree = "<group>"; };
		BCE04F951B3A88D0006C017A /* UITableViewCustomCellForXibDemo-Prefix.pch */ = {isa = PBXFileReference; lastKnownFileType = sourcecode.c.h; path = "UITableViewCustomCellForXibDemo-Prefix.pch"; sourceTree = "<group>"; };
		BCE04F961B3A88D0006C017A /* KGAppDelegate.h */ = {isa = PBXFileReference; lastKnownFileType = sourcecode.c.h; path = KGAppDelegate.h; sourceTree = "<group>"; };
		BCE04F971B3A88D0006C017A /* KGAppDelegate.m */ = {isa = PBXFileReference; lastKnownFileType = sourcecode.c.objc; path = KGAppDelegate.m; sourceTree = "<group>"; };
		BCE04F991B3A88D0006C017A /* Images.xcassets */ = {isa = PBXFileReference; lastKnownFileType = folder.assetcatalog; path = Images.xcassets; sourceTree = "<group>"; };
		BCE04F9F1B3A88D0006C017A /* UITableViewCustomCellForXibDemoTests.xctest */ = {isa = PBXFileReference; explicitFileType = wrapper.cfbundle; includeInIndex = 0; path = UITableViewCustomCellForXibDemoTests.xctest; sourceTree = BUILT_PRODUCTS_DIR; };
		BCE04FA01B3A88D0006C017A /* XCTest.framework */ = {isa = PBXFileReference; lastKnownFileType = wrapper.framework; name = XCTest.framework; path = Library/Frameworks/XCTest.framework; sourceTree = DEVELOPER_DIR; };
		BCE04FA81B3A88D0006C017A /* UITableViewCustomCellForXibDemoTests-Info.plist */ = {isa = PBXFileReference; lastKnownFileType = text.plist.xml; path = "UITableViewCustomCellForXibDemoTests-Info.plist"; sourceTree = "<group>"; };
		BCE04FAA1B3A88D0006C017A /* en */ = {isa = PBXFileReference; lastKnownFileType = text.plist.strings; name = en; path = en.lproj/InfoPlist.strings; sourceTree = "<group>"; };
		BCE04FAC1B3A88D0006C017A /* UITableViewCustomCellForXibDemoTests.m */ = {isa = PBXFileReference; lastKnownFileType = sourcecode.c.objc; path = UITableViewCustomCellForXibDemoTests.m; sourceTree = "<group>"; };
/* End PBXFileReference section */

/* Begin PBXFrameworksBuildPhase section */
		BCE04F811B3A88D0006C017A /* Frameworks */ = {
			isa = PBXFrameworksBuildPhase;
			buildActionMask = 2147483647;
			files = (
				BCE04F8A1B3A88D0006C017A /* CoreGraphics.framework in Frameworks */,
				BCE04F8C1B3A88D0006C017A /* UIKit.framework in Frameworks */,
				BCE04F881B3A88D0006C017A /* Foundation.framework in Frameworks */,
			);
			runOnlyForDeploymentPostprocessing = 0;
		};
		BCE04F9C1B3A88D0006C017A /* Frameworks */ = {
			isa = PBXFrameworksBuildPhase;
			buildActionMask = 2147483647;
			files = (
				BCE04FA11B3A88D0006C017A /* XCTest.framework in Frameworks */,
				BCE04FA31B3A88D0006C017A /* UIKit.framework in Frameworks */,
				BCE04FA21B3A88D0006C017A /* Foundation.framework in Frameworks */,
			);
			runOnlyForDeploymentPostprocessing = 0;
		};
/* End PBXFrameworksBuildPhase section */

/* Begin PBXGroup section */
		BCE04F7B1B3A88D0006C017A = {
			isa = PBXGroup;
			children = (
				BCE04F8D1B3A88D0006C017A /* UITableViewCustomCellForXibDemo */,
				BCE04FA61B3A88D0006C017A /* UITableViewCustomCellForXibDemoTests */,
				BCE04F861B3A88D0006C017A /* Frameworks */,
				BCE04F851B3A88D0006C017A /* Products */,
			);
			sourceTree = "<group>";
		};
		BCE04F851B3A88D0006C017A /* Products */ = {
			isa = PBXGroup;
			children = (
				BCE04F841B3A88D0006C017A /* UITableViewCustomCellForXibDemo.app */,
				BCE04F9F1B3A88D0006C017A /* UITableViewCustomCellForXibDemoTests.xctest */,
			);
			name = Products;
			sourceTree = "<group>";
		};
		BCE04F861B3A88D0006C017A /* Frameworks */ = {
			isa = PBXGroup;
			children = (
				BCE04F871B3A88D0006C017A /* Foundation.framework */,
				BCE04F891B3A88D0006C017A /* CoreGraphics.framework */,
				BCE04F8B1B3A88D0006C017A /* UIKit.framework */,
				BCE04FA01B3A88D0006C017A /* XCTest.framework */,
			);
			name = Frameworks;
			sourceTree = "<group>";
		};
		BCE04F8D1B3A88D0006C017A /* UITableViewCustomCellForXibDemo */ = {
			isa = PBXGroup;
			children = (
				BCE04F961B3A88D0006C017A /* KGAppDelegate.h */,
				BCE04F971B3A88D0006C017A /* KGAppDelegate.m */,
				BCE04F991B3A88D0006C017A /* Images.xcassets */,
				BCE04F8E1B3A88D0006C017A /* Supporting Files */,
			);
			path = UITableViewCustomCellForXibDemo;
			sourceTree = "<group>";
		};
		BCE04F8E1B3A88D0006C017A /* Supporting Files */ = {
			isa = PBXGroup;
			children = (
				BCE04F8F1B3A88D0006C017A /* UITableViewCustomCellForXibDemo-Info.plist */,
				BCE04F901B3A88D0006C017A /* InfoPlist.strings */,
				BCE04F931B3A88D0006C017A /* main.m */,
				BCE04F951B3A88D0006C017A /* UITableViewCustomCellForXibDemo-Prefix.pch */,
			);
			name = "Supporting Files";
			sourceTree = "<group>";
		};
		BCE04FA61B3A88D0006C017A /* UITableViewCustomCellForXibDemoTests */ = {
			isa = PBXGroup;
			children = (
				BCE04FAC1B3A88D0006C017A /* UITableViewCustomCellForXibDemoTests.m */,
				BCE04FA71B3A88D0006C017A /* Supporting Files */,
			);
			path = UITableViewCustomCellForXibDemoTests;
			sourceTree = "<group>";
		};
		BCE04FA71B3A88D0006C017A /* Supporting Files */ = {
			isa = PBXGroup;
			children = (
				BCE04FA81B3A88D0006C017A /* UITableViewCustomCellForXibDemoTests-Info.plist */,
				BCE04FA91B3A88D0006C017A /* InfoPlist.strings */,
			);
			name = "Supporting Files";
			sourceTree = "<group>";
		};
/* End PBXGroup section */

/* Begin PBXNativeTarget section */
		BCE04F831B3A88D0006C017A /* UITableViewCustomCellForXibDemo */ = {
			isa = PBXNativeTarget;
			buildConfigurationList = BCE04FB01B3A88D0006C017A /* Build configuration list for PBXNativeTarget "UITableViewCustomCellForXibDemo" */;
			buildPhases = (
				BCE04F801B3A88D0006C017A /* Sources */,
				BCE04F811B3A88D0006C017A /* Frameworks */,
				BCE04F821B3A88D0006C017A /* Resources */,
			);
			buildRules = (
			);
			dependencies = (
			);
			name = UITableViewCustomCellForXibDemo;
			productName = UITableViewCustomCellForXibDemo;
			productReference = BCE04F841B3A88D0006C017A /* UITableViewCustomCellForXibDemo.app */;
			productType = "com.apple.product-type.application";
		};
		BCE04F9E1B3A88D0006C017A /* UITableViewCustomCellForXibDemoTests */ = {
			isa = PBXNativeTarget;
			buildConfigurationList = BCE04FB31B3A88D0006C017A /* Build configuration list for PBXNativeTarget "UITableViewCustomCellForXibDemoTests" */;
			buildPhases = (
				BCE04F9B1B3A88D0006C017A /* Sources */,
				BCE04F9C1B3A88D0006C017A /* Frameworks */,
				BCE04F9D1B3A88D0006C017A /* Resources */,
			);
			buildRules = (
			);
			dependencies = (
				BCE04FA51B3A88D0006C017A /* PBXTargetDependency */,
			);
			name = UITableViewCustomCellForXibDemoTests;
			productName = UITableViewCustomCellForXibDemoTests;
			productReference = BCE04F9F1B3A88D0006C017A /* UITableViewCustomCellForXibDemoTests.xctest */;
			productType = "com.apple.product-type.bundle.unit-test";
		};
/* End PBXNativeTarget section */

/* Begin PBXProject section */
		BCE04F7C1B3A88D0006C017A /* Project object */ = {
			isa = PBXProject;
			attributes = {
				CLASSPREFIX = KG;
				LastUpgradeCheck = 0510;
				ORGANIZATIONNAME = KG;
				TargetAttributes = {
					BCE04F9E1B3A88D0006C017A = {
						TestTargetID = BCE04F831B3A88D0006C017A;
					};
				};
			};
			buildConfigurationList = BCE04F7F1B3A88D0006C017A /* Build configuration list for PBXProject "UITableViewCustomCellForXibDemo" */;
			compatibilityVersion = "Xcode 3.2";
			developmentRegion = English;
			hasScannedForEncodings = 0;
			knownRegions = (
				en,
			);
			mainGroup = BCE04F7B1B3A88D0006C017A;
			productRefGroup = BCE04F851B3A88D0006C017A /* Products */;
			projectDirPath = "";
			projectRoot = "";
			targets = (
				BCE04F831B3A88D0006C017A /* UITableViewCustomCellForXibDemo */,
				BCE04F9E1B3A88D0006C017A /* UITableViewCustomCellForXibDemoTests */,
			);
		};
/* End PBXProject section */

/* Begin PBXResourcesBuildPhase section */
		BCE04F821B3A88D0006C017A /* Resources */ = {
			isa = PBXResourcesBuildPhase;
			buildActionMask = 2147483647;
			files = (
				BCE04F921B3A88D0006C017A /* InfoPlist.strings in Resources */,
				BCE04F9A1B3A88D0006C017A /* Images.xcassets in Resources */,
			);
			runOnlyForDeploymentPostprocessing = 0;
		};
		BCE04F9D1B3A88D0006C017A /* Resources */ = {
			isa = PBXResourcesBuildPhase;
			buildActionMask = 2147483647;
			files = (
				BCE04FAB1B3A88D0006C017A /* InfoPlist.strings in Resources */,
			);
			runOnlyForDeploymentPostprocessing = 0;
		};
/* End PBXResourcesBuildPhase section */

/* Begin PBXSourcesBuildPhase section */
		BCE04F801B3A88D0006C017A /* Sources */ = {
			isa = PBXSourcesBuildPhase;
			buildActionMask = 2147483647;
			files = (
				BCE04F981B3A88D0006C017A /* KGAppDelegate.m in Sources */,
				BCE04F941B3A88D0006C017A /* main.m in Sources */,
			);
			runOnlyForDeploymentPostprocessing = 0;
		};
		BCE04F9B1B3A88D0006C017A /* Sources */ = {
			isa = PBXSourcesBuildPhase;
			buildActionMask = 2147483647;
			files = (
				BCE04FAD1B3A88D0006C017A /* UITableViewCustomCellForXibDemoTests.m in Sources */,
			);
			runOnlyForDeploymentPostprocessing = 0;
		};
/* End PBXSourcesBuildPhase section */

/* Begin PBXTargetDependency section */
		BCE04FA51B3A88D0006C017A /* PBXTargetDependency */ = {
			isa = PBXTargetDependency;
			target = BCE04F831B3A88D0006C017A /* UITableViewCustomCellForXibDemo */;
			targetProxy = BCE04FA41B3A88D0006C017A /* PBXContainerItemProxy */;
		};
/* End PBXTargetDependency section */

/* Begin PBXVariantGroup section */
		BCE04F901B3A88D0006C017A /* InfoPlist.strings */ = {
			isa = PBXVariantGroup;
			children = (
				BCE04F911B3A88D0006C017A /* en */,
			);
			name = InfoPlist.strings;
			sourceTree = "<group>";
		};
		BCE04FA91B3A88D0006C017A /* InfoPlist.strings */ = {
			isa = PBXVariantGroup;
			children = (
				BCE04FAA1B3A88D0006C017A /* en */,
			);
			name = InfoPlist.strings;
			sourceTree = "<group>";
		};
/* End PBXVariantGroup section */

/* Begin XCBuildConfiguration section */
		BCE04FAE1B3A88D0006C017A /* Debug */ = {
			isa = XCBuildConfiguration;
			buildSettings = {
				ALWAYS_SEARCH_USER_PATHS = NO;
				CLANG_CXX_LANGUAGE_STANDARD = "gnu++0x";
				CLANG_CXX_LIBRARY = "libc++";
				CLANG_ENABLE_MODULES = YES;
				CLANG_ENABLE_OBJC_ARC = YES;
				CLANG_WARN_BOOL_CONVERSION = YES;
				CLANG_WARN_CONSTANT_CONVERSION = YES;
				CLANG_WARN_DIRECT_OBJC_ISA_USAGE = YES_ERROR;
				CLANG_WARN_EMPTY_BODY = YES;
				CLANG_WARN_ENUM_CONVERSION = YES;
				CLANG_WARN_INT_CONVERSION = YES;
				CLANG_WARN_OBJC_ROOT_CLASS = YES_ERROR;
				CLANG_WARN__DUPLICATE_METHOD_MATCH = YES;
				"CODE_SIGN_IDENTITY[sdk=iphoneos*]" = "iPhone Developer";
				COPY_PHASE_STRIP = NO;
				GCC_C_LANGUAGE_STANDARD = gnu99;
				GCC_DYNAMIC_NO_PIC = NO;
				GCC_OPTIMIZATION_LEVEL = 0;
				GCC_PREPROCESSOR_DEFINITIONS = (
					"DEBUG=1",
					"$(inherited)",
				);
				GCC_SYMBOLS_PRIVATE_EXTERN = NO;
				GCC_WARN_64_TO_32_BIT_CONVERSION = YES;
				GCC_WARN_ABOUT_RETURN_TYPE = YES_ERROR;
				GCC_WARN_UNDECLARED_SELECTOR = YES;
				GCC_WARN_UNINITIALIZED_AUTOS = YES_AGGRESSIVE;
				GCC_WARN_UNUSED_FUNCTION = YES;
				GCC_WARN_UNUSED_VARIABLE = YES;
				IPHONEOS_DEPLOYMENT_TARGET = 7.1;
				ONLY_ACTIVE_ARCH = YES;
				SDKROOT = iphoneos;
			};
			name = Debug;
		};
		BCE04FAF1B3A88D0006C017A /* Release */ = {
			isa = XCBuildConfiguration;
			buildSettings = {
				ALWAYS_SEARCH_USER_PATHS = NO;
				CLANG_CXX_LANGUAGE_STANDARD = "gnu++0x";
				CLANG_CXX_LIBRARY = "libc++";
				CLANG_ENABLE_MODULES = YES;
				CLANG_ENABLE_OBJC_ARC = YES;
				CLANG_WARN_BOOL_CONVERSION = YES;
				CLANG_WARN_CONSTANT_CONVERSION = YES;
				CLANG_WARN_DIRECT_OBJC_ISA_USAGE = YES_ERROR;
				CLANG_WARN_EMPTY_BODY = YES;
				CLANG_WARN_ENUM_CONVERSION = YES;
				CLANG_WARN_INT_CONVERSION = YES;
				CLANG_WARN_OBJC_ROOT_CLASS = YES_ERROR;
				CLANG_WARN__DUPLICATE_METHOD_MATCH = YES;
				"CODE_SIGN_IDENTITY[sdk=iphoneos*]" = "iPhone Developer";
				COPY_PHASE_STRIP = YES;
				ENABLE_NS_ASSERTIONS = NO;
				GCC_C_LANGUAGE_STANDARD = gnu99;
				GCC_WARN_64_TO_32_BIT_CONVERSION = YES;
				GCC_WARN_ABOUT_RETURN_TYPE = YES_ERROR;
				GCC_WARN_UNDECLARED_SELECTOR = YES;
				GCC_WARN_UNINITIALIZED_AUTOS = YES_AGGRESSIVE;
				GCC_WARN_UNUSED_FUNCTION = YES;
				GCC_WARN_UNUSED_VARIABLE = YES;
				IPHONEOS_DEPLOYMENT_TARGET = 7.1;
				SDKROOT = iphoneos;
				VALIDATE_PRODUCT = YES;
			};
			name = Release;
		};
		BCE04FB11B3A88D0006C017A /* Debug */ = {
			isa = XCBuildConfiguration;
			buildSettings = {
				ASSETCATALOG_COMPILER_APPICON_NAME = AppIcon;
				ASSETCATALOG_COMPILER_LAUNCHIMAGE_NAME = LaunchImage;
				GCC_PRECOMPILE_PREFIX_HEADER = YES;
				GCC_PREFIX_HEADER = "UITableViewCustomCellForXibDemo/UITableViewCustomCellForXibDemo-Prefix.pch";
				INFOPLIST_FILE = "UITableViewCustomCellForXibDemo/UITableViewCustomCellForXibDemo-Info.plist";
				PRODUCT_NAME = "$(TARGET_NAME)";
				WRAPPER_EXTENSION = app;
			};
			name = Debug;
		};
		BCE04FB21B3A88D0006C017A /* Release */ = {
			isa = XCBuildConfiguration;
			buildSettings = {
				ASSETCATALOG_COMPILER_APPICON_NAME = AppIcon;
				ASSETCATALOG_COMPILER_LAUNCHIMAGE_NAME = LaunchImage;
				GCC_PRECOMPILE_PREFIX_HEADER = YES;
				GCC_PREFIX_HEADER = "UITableViewCustomCellForXibDemo/UITableViewCustomCellForXibDemo-Prefix.pch";
				INFOPLIST_FILE = "UITableViewCustomCellForXibDemo/UITableViewCustomCellForXibDemo-Info.plist";
				PRODUCT_NAME = "$(TARGET_NAME)";
				WRAPPER_EXTENSION = app;
			};
			name = Release;
		};
		BCE04FB41B3A88D0006C017A /* Debug */ = {
			isa = XCBuildConfiguration;
			buildSettings = {
				BUNDLE_LOADER = "$(BUILT_PRODUCTS_DIR)/UITableViewCustomCellForXibDemo.app/UITableViewCustomCellForXibDemo";
				FRAMEWORK_SEARCH_PATHS = (
					"$(SDKROOT)/Developer/Library/Frameworks",
					"$(inherited)",
					"$(DEVELOPER_FRAMEWORKS_DIR)",
				);
				GCC_PRECOMPILE_PREFIX_HEADER = YES;
				GCC_PREFIX_HEADER = "UITableViewCustomCellForXibDemo/UITableViewCustomCellForXibDemo-Prefix.pch";
				GCC_PREPROCESSOR_DEFINITIONS = (
					"DEBUG=1",
					"$(inherited)",
				);
				INFOPLIST_FILE = "UITableViewCustomCellForXibDemoTests/UITableViewCustomCellForXibDemoTests-Info.plist";
				PRODUCT_NAME = "$(TARGET_NAME)";
				TEST_HOST = "$(BUNDLE_LOADER)";
				WRAPPER_EXTENSION = xctest;
			};
			name = Debug;
		};
		BCE04FB51B3A88D0006C017A /* Release */ = {
			isa = XCBuildConfiguration;
			buildSettings = {
				BUNDLE_LOADER = "$(BUILT_PRODUCTS_DIR)/UITableViewCustomCellForXibDemo.app/UITableViewCustomCellForXibDemo";
				FRAMEWORK_SEARCH_PATHS = (
					"$(SDKROOT)/Developer/Library/Frameworks",
					"$(inherited)",
					"$(DEVELOPER_FRAMEWORKS_DIR)",
				);
				GCC_PRECOMPILE_PREFIX_HEADER = YES;
				GCC_PREFIX_HEADER = "UITableViewCustomCellForXibDemo/UITableViewCustomCellForXibDemo-Prefix.pch";
				INFOPLIST_FILE = "UITableViewCustomCellForXibDemoTests/UITableViewCustomCellForXibDemoTests-Info.plist";
				PRODUCT_NAME = "$(TARGET_NAME)";
				TEST_HOST = "$(BUNDLE_LOADER)";
				WRAPPER_EXTENSION = xctest;
			};
			name = Release;
		};
/* End XCBuildConfiguration section */

/* Begin XCConfigurationList section */
		BCE04F7F1B3A88D0006C017A /* Build configuration list for PBXProject "UITableViewCustomCellForXibDemo" */ = {
			isa = XCConfigurationList;
			buildConfigurations = (
				BCE04FAE1B3A88D0006C017A /* Debug */,
				BCE04FAF1B3A88D0006C017A /* Release */,
			);
			defaultConfigurationIsVisible = 0;
			defaultConfigurationName = Release;
		};
		BCE04FB01B3A88D0006C017A /* Build configuration list for PBXNativeTarget "UITableViewCustomCellForXibDemo" */ = {
			isa = XCConfigurationList;
			buildConfigurations = (
				BCE04FB11B3A88D0006C017A /* Debug */,
				BCE04FB21B3A88D0006C017A /* Release */,
			);
			defaultConfigurationIsVisible = 0;
		};
		BCE04FB31B3A88D0006C017A /* Build configuration list for PBXNativeTarget "UITableViewCustomCellForXibDemoTests" */ = {
			isa = XCConfigurationList;
			buildConfigurations = (
				BCE04FB41B3A88D0006C017A /* Debug */,
				BCE04FB51B3A88D0006C017A /* Release */,
			);
			defaultConfigurationIsVisible = 0;
		};
/* End XCConfigurationList section */
	};
	rootObject = BCE04F7C1B3A88D0006C017A /* Project object */;
}
